
Microsoft Visual Studio Solution File, Format Version 12.00
# Visual Studio Version 17
VisualStudioVersion = 17.11.35303.130
MinimumVisualStudioVersion = 10.0.40219.1
Project("{FAE04EC0-301F-11D3-BF4B-00C04F79EFBC}") = "Blog__Net", "Blog__Net\Blog__Net.csproj", "{1560CD8C-5A26-4809-ACAE-933079BFA5D3}"
EndProject
Global
	GlobalSection(SolutionConfigurationPlatforms) = preSolution
		Debug|Any CPU = Debug|Any CPU
		Release|Any CPU = Release|Any CPU
	EndGlobalSection
	GlobalSection(ProjectConfigurationPlatforms) = postSolution
		{1560CD8C-5A26-4809-ACAE-933079BFA5D3}.Debug|Any CPU.ActiveCfg = Debug|Any CPU
		{1560CD8C-5A26-4809-ACAE-933079BFA5D3}.Debug|Any CPU.Build.0 = Debug|Any CPU
		{1560CD8C-5A26-4809-ACAE-933079BFA5D3}.Release|Any CPU.ActiveCfg = Release|Any CPU
		{1560CD8C-5A26-4809-ACAE-933079BFA5D3}.Release|Any CPU.Build.0 = Release|Any CPU
	EndGlobalSection
	GlobalSection(SolutionProperties) = preSolution
		HideSolutionNode = FALSE
	EndGlobalSection
	GlobalSection(ExtensibilityGlobals) = postSolution
		SolutionGuid = {DB88220A-8E63-4A16-8918-DE0B06FA0A6C}
	EndGlobalSection
EndGlobal
